// !$*UTF8*$!
{
	archiveVersion = 1;
	classes = {
	};
	objectVersion = 46;
	objects = {

/* Begin PBXBuildFile section */
		7101D5D21CBE211000C2018D /* MBProgressHUD+Add.m in Sources */ = {isa = PBXBuildFile; fileRef = 7101D5CE1CBE211000C2018D /* MBProgressHUD+Add.m */; };
		7101D5D31CBE211000C2018D /* MBProgressHUD.bundle in Resources */ = {isa = PBXBuildFile; fileRef = 7101D5CF1CBE211000C2018D /* MBProgressHUD.bundle */; };
		7101D5D41CBE211000C2018D /* MBProgressHUD.m in Sources */ = {isa = PBXBuildFile; fileRef = 7101D5D11CBE211000C2018D /* MBProgressHUD.m */; };
		7101D5D71CBE3EDA00C2018D /* LogonViewController.m in Sources */ = {isa = PBXBuildFile; fileRef = 7101D5D61CBE3EDA00C2018D /* LogonViewController.m */; };
		7101D5DA1CBE497900C2018D /* ForgetPasswordViewController.m in Sources */ = {isa = PBXBuildFile; fileRef = 7101D5D91CBE497900C2018D /* ForgetPasswordViewController.m */; };
		7104EF121C5E2EC800C38CAA /* mapapi.bundle in Resources */ = {isa = PBXBuildFile; fileRef = 7104EF111C5E2EC800C38CAA /* mapapi.bundle */; };
		7104EF151C5E48D300C38CAA /* JSONKit.m in Sources */ = {isa = PBXBuildFile; fileRef = 7104EF141C5E48D300C38CAA /* JSONKit.m */; settings = {COMPILER_FLAGS = "-fno-objc-arc"; }; };
		7137F0C31CAA77D2005FA123 /* FromCallFunctionToDic.m in Sources */ = {isa = PBXBuildFile; fileRef = 7137F0C21CAA77D2005FA123 /* FromCallFunctionToDic.m */; };
		715278A41C9F8B0E00C0DF81 /* StationDataModel.m in Sources */ = {isa = PBXBuildFile; fileRef = 715278A31C9F8B0E00C0DF81 /* StationDataModel.m */; };
		715D2AAD1CA3D06900C8C662 /* StationSearchViewController.m in Sources */ = {isa = PBXBuildFile; fileRef = 715D2AAC1CA3D06900C8C662 /* StationSearchViewController.m */; };
		7192CD1D1C5F99FE0051BD58 /* LocationViewController.m in Sources */ = {isa = PBXBuildFile; fileRef = 7192CD1C1C5F99FE0051BD58 /* LocationViewController.m */; };
		7192CD201C5F9A610051BD58 /* LocationDemoViewController.m in Sources */ = {isa = PBXBuildFile; fileRef = 7192CD1F1C5F9A610051BD58 /* LocationDemoViewController.m */; };
		7192CD221C5F9AA50051BD58 /* LocationDemoViewController.xib in Resources */ = {isa = PBXBuildFile; fileRef = 7192CD211C5F9AA50051BD58 /* LocationDemoViewController.xib */; };
		71A0EAF71C5DADBC005C288B /* main.m in Sources */ = {isa = PBXBuildFile; fileRef = 71A0EAF61C5DADBC005C288B /* main.m */; };
		71A0EAFA1C5DADBD005C288B /* AppDelegate.mm in Sources */ = {isa = PBXBuildFile; fileRef = 71A0EAF91C5DADBD005C288B /* AppDelegate.mm */; };
		71A0EB001C5DADBD005C288B /* Main.storyboard in Resources */ = {isa = PBXBuildFile; fileRef = 71A0EAFE1C5DADBD005C288B /* Main.storyboard */; };
		71A0EB021C5DADBD005C288B /* Assets.xcassets in Resources */ = {isa = PBXBuildFile; fileRef = 71A0EB011C5DADBD005C288B /* Assets.xcassets */; };
		71A0EB051C5DADBD005C288B /* LaunchScreen.storyboard in Resources */ = {isa = PBXBuildFile; fileRef = 71A0EB031C5DADBD005C288B /* LaunchScreen.storyboard */; };
		71A0EB101C5DADBD005C288B /* ZZCStationTests.m in Sources */ = {isa = PBXBuildFile; fileRef = 71A0EB0F1C5DADBD005C288B /* ZZCStationTests.m */; };
		71A0EB1B1C5DADBD005C288B /* ZZCStationUITests.m in Sources */ = {isa = PBXBuildFile; fileRef = 71A0EB1A1C5DADBD005C288B /* ZZCStationUITests.m */; };
		71A0EB2E1C5DAFA0005C288B /* StationListViewController.m in Sources */ = {isa = PBXBuildFile; fileRef = 71A0EB291C5DAFA0005C288B /* StationListViewController.m */; };
		71A0EB2F1C5DAFA0005C288B /* StationAddViewController.m in Sources */ = {isa = PBXBuildFile; fileRef = 71A0EB2B1C5DAFA0005C288B /* StationAddViewController.m */; };
		71A0EB301C5DAFA0005C288B /* StationAddressDetailViewController.m in Sources */ = {isa = PBXBuildFile; fileRef = 71A0EB2D1C5DAFA0005C288B /* StationAddressDetailViewController.m */; };
		71A0EB331C5DB2AA005C288B /* CoreLocation.framework in Frameworks */ = {isa = PBXBuildFile; fileRef = 71A0EB321C5DB2AA005C288B /* CoreLocation.framework */; };
		71A0EB351C5DB2B4005C288B /* QuartzCore.framework in Frameworks */ = {isa = PBXBuildFile; fileRef = 71A0EB341C5DB2B4005C288B /* QuartzCore.framework */; };
		71A0EB371C5DB2BC005C288B /* OpenGLES.framework in Frameworks */ = {isa = PBXBuildFile; fileRef = 71A0EB361C5DB2BC005C288B /* OpenGLES.framework */; };
		71A0EB391C5DB2C7005C288B /* SystemConfiguration.framework in Frameworks */ = {isa = PBXBuildFile; fileRef = 71A0EB381C5DB2C7005C288B /* SystemConfiguration.framework */; };
		71A0EB3B1C5DB2DD005C288B /* CoreGraphics.framework in Frameworks */ = {isa = PBXBuildFile; fileRef = 71A0EB3A1C5DB2DD005C288B /* CoreGraphics.framework */; };
		71A0EB3D1C5DB2E8005C288B /* Security.framework in Frameworks */ = {isa = PBXBuildFile; fileRef = 71A0EB3C1C5DB2E8005C288B /* Security.framework */; };
		71A0EB3F1C5DB2F6005C288B /* libsqlite3.0.tbd in Frameworks */ = {isa = PBXBuildFile; fileRef = 71A0EB3E1C5DB2F6005C288B /* libsqlite3.0.tbd */; };
		71A0EB411C5DB303005C288B /* CoreTelephony.framework in Frameworks */ = {isa = PBXBuildFile; fileRef = 71A0EB401C5DB303005C288B /* CoreTelephony.framework */; };
		71A0EB431C5DB30D005C288B /* libstdc++.6.0.9.tbd in Frameworks */ = {isa = PBXBuildFile; fileRef = 71A0EB421C5DB30D005C288B /* libstdc++.6.0.9.tbd */; };
		71A0EB4C1C5DB31B005C288B /* BaiduMapAPI_Base.framework in Frameworks */ = {isa = PBXBuildFile; fileRef = 71A0EB441C5DB31B005C288B /* BaiduMapAPI_Base.framework */; };
		71A0EB4D1C5DB31B005C288B /* BaiduMapAPI_Cloud.framework in Frameworks */ = {isa = PBXBuildFile; fileRef = 71A0EB451C5DB31B005C288B /* BaiduMapAPI_Cloud.framework */; };
		71A0EB4E1C5DB31B005C288B /* BaiduMapAPI_Location.framework in Frameworks */ = {isa = PBXBuildFile; fileRef = 71A0EB461C5DB31B005C288B /* BaiduMapAPI_Location.framework */; };
		71A0EB4F1C5DB31B005C288B /* BaiduMapAPI_Map.framework in Frameworks */ = {isa = PBXBuildFile; fileRef = 71A0EB471C5DB31B005C288B /* BaiduMapAPI_Map.framework */; };
		71A0EB501C5DB31B005C288B /* BaiduMapAPI_Radar.framework in Frameworks */ = {isa = PBXBuildFile; fileRef = 71A0EB481C5DB31B005C288B /* BaiduMapAPI_Radar.framework */; };
		71A0EB511C5DB31B005C288B /* BaiduMapAPI_Search.framework in Frameworks */ = {isa = PBXBuildFile; fileRef = 71A0EB491C5DB31B005C288B /* BaiduMapAPI_Search.framework */; };
		71A0EB521C5DB31B005C288B /* BaiduMapAPI_Utils.framework in Frameworks */ = {isa = PBXBuildFile; fileRef = 71A0EB4A1C5DB31B005C288B /* BaiduMapAPI_Utils.framework */; };
		71A0EB691C5E1507005C288B /* JsonDataRW.m in Sources */ = {isa = PBXBuildFile; fileRef = 71A0EB681C5E1507005C288B /* JsonDataRW.m */; };
		71A127751CB7A4040089FEA4 /* UserManagement.storyboard in Resources */ = {isa = PBXBuildFile; fileRef = 71A127741CB7A4040089FEA4 /* UserManagement.storyboard */; settings = {ASSET_TAGS = (100, ); }; };
		71A127781CB7A9360089FEA4 /* LoginViewController.m in Sources */ = {isa = PBXBuildFile; fileRef = 71A127771CB7A9360089FEA4 /* LoginViewController.m */; };
		71AAD03B1CABB7EB001EE225 /* ChineseString.m in Sources */ = {isa = PBXBuildFile; fileRef = 71AAD0381CABB7EB001EE225 /* ChineseString.m */; };
		71AAD03C1CABB7EB001EE225 /* pinyin.c in Sources */ = {isa = PBXBuildFile; fileRef = 71AAD0391CABB7EB001EE225 /* pinyin.c */; };
		71AAD0B31CABC2FB001EE225 /* MJExtensionConst.m in Sources */ = {isa = PBXBuildFile; fileRef = 71AAD0A01CABC2FB001EE225 /* MJExtensionConst.m */; };
		71AAD0B41CABC2FB001EE225 /* MJFoundation.m in Sources */ = {isa = PBXBuildFile; fileRef = 71AAD0A21CABC2FB001EE225 /* MJFoundation.m */; };
		71AAD0B51CABC2FB001EE225 /* MJProperty.m in Sources */ = {isa = PBXBuildFile; fileRef = 71AAD0A41CABC2FB001EE225 /* MJProperty.m */; };
		71AAD0B61CABC2FB001EE225 /* MJPropertyKey.m in Sources */ = {isa = PBXBuildFile; fileRef = 71AAD0A61CABC2FB001EE225 /* MJPropertyKey.m */; };
		71AAD0B71CABC2FB001EE225 /* MJPropertyType.m in Sources */ = {isa = PBXBuildFile; fileRef = 71AAD0A81CABC2FB001EE225 /* MJPropertyType.m */; };
		71AAD0B81CABC2FB001EE225 /* NSObject+MJClass.m in Sources */ = {isa = PBXBuildFile; fileRef = 71AAD0AA1CABC2FB001EE225 /* NSObject+MJClass.m */; };
		71AAD0B91CABC2FB001EE225 /* NSObject+MJCoding.m in Sources */ = {isa = PBXBuildFile; fileRef = 71AAD0AC1CABC2FB001EE225 /* NSObject+MJCoding.m */; };
		71AAD0BA1CABC2FB001EE225 /* NSObject+MJKeyValue.m in Sources */ = {isa = PBXBuildFile; fileRef = 71AAD0AE1CABC2FB001EE225 /* NSObject+MJKeyValue.m */; };
		71AAD0BB1CABC2FB001EE225 /* NSObject+MJProperty.m in Sources */ = {isa = PBXBuildFile; fileRef = 71AAD0B01CABC2FB001EE225 /* NSObject+MJProperty.m */; };
		71AAD0BC1CABC2FB001EE225 /* NSString+MJExtension.m in Sources */ = {isa = PBXBuildFile; fileRef = 71AAD0B21CABC2FB001EE225 /* NSString+MJExtension.m */; };
		71AAD0C21CABC701001EE225 /* BATableView.m in Sources */ = {isa = PBXBuildFile; fileRef = 71AAD0BF1CABC701001EE225 /* BATableView.m */; };
		71AAD0C31CABC701001EE225 /* BATableViewIndex.m in Sources */ = {isa = PBXBuildFile; fileRef = 71AAD0C11CABC701001EE225 /* BATableViewIndex.m */; };
		71AAD0C61CABD11F001EE225 /* StationManagementViewController.m in Sources */ = {isa = PBXBuildFile; fileRef = 71AAD0C51CABD11F001EE225 /* StationManagementViewController.m */; };
		71CCB11C1CB7823500D227D9 /* MJRefreshAutoFooter.m in Sources */ = {isa = PBXBuildFile; fileRef = 71CCB0F21CB7823500D227D9 /* MJRefreshAutoFooter.m */; };
		71CCB11D1CB7823500D227D9 /* MJRefreshBackFooter.m in Sources */ = {isa = PBXBuildFile; fileRef = 71CCB0F41CB7823500D227D9 /* MJRefreshBackFooter.m */; };
		71CCB11E1CB7823500D227D9 /* MJRefreshComponent.m in Sources */ = {isa = PBXBuildFile; fileRef = 71CCB0F61CB7823500D227D9 /* MJRefreshComponent.m */; };
		71CCB11F1CB7823500D227D9 /* MJRefreshFooter.m in Sources */ = {isa = PBXBuildFile; fileRef = 71CCB0F81CB7823500D227D9 /* MJRefreshFooter.m */; };
		71CCB1201CB7823500D227D9 /* MJRefreshHeader.m in Sources */ = {isa = PBXBuildFile; fileRef = 71CCB0FA1CB7823500D227D9 /* MJRefreshHeader.m */; };
		71CCB1211CB7823500D227D9 /* MJRefreshAutoGifFooter.m in Sources */ = {isa = PBXBuildFile; fileRef = 71CCB0FF1CB7823500D227D9 /* MJRefreshAutoGifFooter.m */; };
		71CCB1221CB7823500D227D9 /* MJRefreshAutoNormalFooter.m in Sources */ = {isa = PBXBuildFile; fileRef = 71CCB1011CB7823500D227D9 /* MJRefreshAutoNormalFooter.m */; };
		71CCB1231CB7823500D227D9 /* MJRefreshAutoStateFooter.m in Sources */ = {isa = PBXBuildFile; fileRef = 71CCB1031CB7823500D227D9 /* MJRefreshAutoStateFooter.m */; };
		71CCB1241CB7823500D227D9 /* MJRefreshBackGifFooter.m in Sources */ = {isa = PBXBuildFile; fileRef = 71CCB1061CB7823500D227D9 /* MJRefreshBackGifFooter.m */; };
		71CCB1251CB7823500D227D9 /* MJRefreshBackNormalFooter.m in Sources */ = {isa = PBXBuildFile; fileRef = 71CCB1081CB7823500D227D9 /* MJRefreshBackNormalFooter.m */; };
		71CCB1261CB7823500D227D9 /* MJRefreshBackStateFooter.m in Sources */ = {isa = PBXBuildFile; fileRef = 71CCB10A1CB7823500D227D9 /* MJRefreshBackStateFooter.m */; };
		71CCB1271CB7823500D227D9 /* MJRefreshGifHeader.m in Sources */ = {isa = PBXBuildFile; fileRef = 71CCB10D1CB7823500D227D9 /* MJRefreshGifHeader.m */; };
		71CCB1281CB7823500D227D9 /* MJRefreshNormalHeader.m in Sources */ = {isa = PBXBuildFile; fileRef = 71CCB10F1CB7823500D227D9 /* MJRefreshNormalHeader.m */; };
		71CCB1291CB7823500D227D9 /* MJRefreshStateHeader.m in Sources */ = {isa = PBXBuildFile; fileRef = 71CCB1111CB7823500D227D9 /* MJRefreshStateHeader.m */; };
		71CCB12A1CB7823500D227D9 /* MJRefresh.bundle in Resources */ = {isa = PBXBuildFile; fileRef = 71CCB1121CB7823500D227D9 /* MJRefresh.bundle */; };
		71CCB12B1CB7823500D227D9 /* MJRefreshConst.m in Sources */ = {isa = PBXBuildFile; fileRef = 71CCB1151CB7823500D227D9 /* MJRefreshConst.m */; };
		71CCB12C1CB7823500D227D9 /* UIScrollView+MJExtension.m in Sources */ = {isa = PBXBuildFile; fileRef = 71CCB1171CB7823500D227D9 /* UIScrollView+MJExtension.m */; };
		71CCB12D1CB7823500D227D9 /* UIScrollView+MJRefresh.m in Sources */ = {isa = PBXBuildFile; fileRef = 71CCB1191CB7823500D227D9 /* UIScrollView+MJRefresh.m */; };
		71CCB12E1CB7823500D227D9 /* UIView+MJExtension.m in Sources */ = {isa = PBXBuildFile; fileRef = 71CCB11B1CB7823500D227D9 /* UIView+MJExtension.m */; };
		71CCB1311CB789E600D227D9 /* MJChiBaoZiHeader.m in Sources */ = {isa = PBXBuildFile; fileRef = 71CCB1301CB789E600D227D9 /* MJChiBaoZiHeader.m */; };
		71CCB1331CB78A2200D227D9 /* Images.xcassets in Resources */ = {isa = PBXBuildFile; fileRef = 71CCB1321CB78A2200D227D9 /* Images.xcassets */; };
		71D4FDF41CA11BDB00DDEAFB /* StationListViewCell.m in Sources */ = {isa = PBXBuildFile; fileRef = 71D4FDF31CA11BDB00DDEAFB /* StationListViewCell.m */; };
		71DCB58B1C900097005A0201 /* AVOSCloud.framework in Frameworks */ = {isa = PBXBuildFile; fileRef = 71DCB58A1C900097005A0201 /* AVOSCloud.framework */; };
		71DCB58D1C9000EA005A0201 /* MobileCoreServices.framework in Frameworks */ = {isa = PBXBuildFile; fileRef = 71DCB58C1C9000EA005A0201 /* MobileCoreServices.framework */; };
/* End PBXBuildFile section */

/* Begin PBXContainerItemProxy section */
		71A0EB0C1C5DADBD005C288B /* PBXContainerItemProxy */ = {
			isa = PBXContainerItemProxy;
			containerPortal = 71A0EAEA1C5DADBC005C288B /* Project object */;
			proxyType = 1;
			remoteGlobalIDString = 71A0EAF11C5DADBC005C288B;
			remoteInfo = ZZCStation;
		};
		71A0EB171C5DADBD005C288B /* PBXContainerItemProxy */ = {
			isa = PBXContainerItemProxy;
			containerPortal = 71A0EAEA1C5DADBC005C288B /* Project object */;
			proxyType = 1;
			remoteGlobalIDString = 71A0EAF11C5DADBC005C288B;
			remoteInfo = ZZCStation;
		};
/* End PBXContainerItemProxy section */

/* Begin PBXFileReference section */
		7101D5CD1CBE211000C2018D /* MBProgressHUD+Add.h */ = {isa = PBXFileReference; fileEncoding = 4; lastKnownFileType = sourcecode.c.h; path = "MBProgressHUD+Add.h"; sourceTree = "<group>"; };
		7101D5CE1CBE211000C2018D /* MBProgressHUD+Add.m */ = {isa = PBXFileReference; fileEncoding = 4; lastKnownFileType = sourcecode.c.objc; path = "MBProgressHUD+Add.m"; sourceTree = "<group>"; };
		7101D5CF1CBE211000C2018D /* MBProgressHUD.bundle */ = {isa = PBXFileReference; lastKnownFileType = "wrapper.plug-in"; path = MBProgressHUD.bundle; sourceTree = "<group>"; };
		7101D5D01CBE211000C2018D /* MBProgressHUD.h */ = {isa = PBXFileReference; fileEncoding = 4; lastKnownFileType = sourcecode.c.h; path = MBProgressHUD.h; sourceTree = "<group>"; };
		7101D5D11CBE211000C2018D /* MBProgressHUD.m */ = {isa = PBXFileReference; fileEncoding = 4; lastKnownFileType = sourcecode.c.objc; path = MBProgressHUD.m; sourceTree = "<group>"; };
		7101D5D51CBE3EDA00C2018D /* LogonViewController.h */ = {isa = PBXFileReference; fileEncoding = 4; lastKnownFileType = sourcecode.c.h; path = LogonViewController.h; sourceTree = "<group>"; };
		7101D5D61CBE3EDA00C2018D /* LogonViewController.m */ = {isa = PBXFileReference; fileEncoding = 4; lastKnownFileType = sourcecode.c.objc; path = LogonViewController.m; sourceTree = "<group>"; };
		7101D5D81CBE497900C2018D /* ForgetPasswordViewController.h */ = {isa = PBXFileReference; fileEncoding = 4; lastKnownFileType = sourcecode.c.h; path = ForgetPasswordViewController.h; sourceTree = "<group>"; };
		7101D5D91CBE497900C2018D /* ForgetPasswordViewController.m */ = {isa = PBXFileReference; fileEncoding = 4; lastKnownFileType = sourcecode.c.objc; path = ForgetPasswordViewController.m; sourceTree = "<group>"; };
		7104EF111C5E2EC800C38CAA /* mapapi.bundle */ = {isa = PBXFileReference; lastKnownFileType = "wrapper.plug-in"; name = mapapi.bundle; path = Libs/mapapi.bundle; sourceTree = "<group>"; };
		7104EF131C5E48D300C38CAA /* JSONKit.h */ = {isa = PBXFileReference; fileEncoding = 4; lastKnownFileType = sourcecode.c.h; path = JSONKit.h; sourceTree = "<group>"; };
		7104EF141C5E48D300C38CAA /* JSONKit.m */ = {isa = PBXFileReference; fileEncoding = 4; lastKnownFileType = sourcecode.c.objc; path = JSONKit.m; sourceTree = "<group>"; };
		7137F0C11CAA77D2005FA123 /* FromCallFunctionToDic.h */ = {isa = PBXFileReference; fileEncoding = 4; lastKnownFileType = sourcecode.c.h; path = FromCallFunctionToDic.h; sourceTree = "<group>"; };
		7137F0C21CAA77D2005FA123 /* FromCallFunctionToDic.m */ = {isa = PBXFileReference; fileEncoding = 4; lastKnownFileType = sourcecode.c.objc; path = FromCallFunctionToDic.m; sourceTree = "<group>"; };
		715278A21C9F8B0E00C0DF81 /* StationDataModel.h */ = {isa = PBXFileReference; fileEncoding = 4; lastKnownFileType = sourcecode.c.h; path = StationDataModel.h; sourceTree = "<group>"; };
		715278A31C9F8B0E00C0DF81 /* StationDataModel.m */ = {isa = PBXFileReference; fileEncoding = 4; lastKnownFileType = sourcecode.c.objc; path = StationDataModel.m; sourceTree = "<group>"; };
		715D2AAB1CA3D06900C8C662 /* StationSearchViewController.h */ = {isa = PBXFileReference; fileEncoding = 4; lastKnownFileType = sourcecode.c.h; path = StationSearchViewController.h; sourceTree = "<group>"; };
		715D2AAC1CA3D06900C8C662 /* StationSearchViewController.m */ = {isa = PBXFileReference; fileEncoding = 4; lastKnownFileType = sourcecode.c.objc; path = StationSearchViewController.m; sourceTree = "<group>"; };
		7192CD1B1C5F99FE0051BD58 /* LocationViewController.h */ = {isa = PBXFileReference; fileEncoding = 4; lastKnownFileType = sourcecode.c.h; path = LocationViewController.h; sourceTree = "<group>"; };
		7192CD1C1C5F99FE0051BD58 /* LocationViewController.m */ = {isa = PBXFileReference; fileEncoding = 4; lastKnownFileType = sourcecode.c.objc; path = LocationViewController.m; sourceTree = "<group>"; };
		7192CD1E1C5F9A610051BD58 /* LocationDemoViewController.h */ = {isa = PBXFileReference; fileEncoding = 4; lastKnownFileType = sourcecode.c.h; path = LocationDemoViewController.h; sourceTree = "<group>"; };
		7192CD1F1C5F9A610051BD58 /* LocationDemoViewController.m */ = {isa = PBXFileReference; fileEncoding = 4; lastKnownFileType = sourcecode.c.objc; path = LocationDemoViewController.m; sourceTree = "<group>"; };
		7192CD211C5F9AA50051BD58 /* LocationDemoViewController.xib */ = {isa = PBXFileReference; fileEncoding = 4; lastKnownFileType = file.xib; path = LocationDemoViewController.xib; sourceTree = "<group>"; };
		71A0EAF21C5DADBC005C288B /* ZZCStation.app */ = {isa = PBXFileReference; explicitFileType = wrapper.application; includeInIndex = 0; path = ZZCStation.app; sourceTree = BUILT_PRODUCTS_DIR; };
		71A0EAF61C5DADBC005C288B /* main.m */ = {isa = PBXFileReference; lastKnownFileType = sourcecode.c.objc; path = main.m; sourceTree = "<group>"; };
		71A0EAF81C5DADBD005C288B /* AppDelegate.h */ = {isa = PBXFileReference; lastKnownFileType = sourcecode.c.h; path = AppDelegate.h; sourceTree = "<group>"; };
		71A0EAF91C5DADBD005C288B /* AppDelegate.mm */ = {isa = PBXFileReference; lastKnownFileType = sourcecode.cpp.objcpp; path = AppDelegate.mm; sourceTree = "<group>"; };
		71A0EAFF1C5DADBD005C288B /* Base */ = {isa = PBXFileReference; lastKnownFileType = file.storyboard; name = Base; path = Base.lproj/Main.storyboard; sourceTree = "<group>"; };
		71A0EB011C5DADBD005C288B /* Assets.xcassets */ = {isa = PBXFileReference; lastKnownFileType = folder.assetcatalog; path = Assets.xcassets; sourceTree = "<group>"; };
		71A0EB041C5DADBD005C288B /* Base */ = {isa = PBXFileReference; lastKnownFileType = file.storyboard; name = Base; path = Base.lproj/LaunchScreen.storyboard; sourceTree = "<group>"; };
		71A0EB061C5DADBD005C288B /* Info.plist */ = {isa = PBXFileReference; lastKnownFileType = text.plist.xml; path = Info.plist; sourceTree = "<group>"; };
		71A0EB0B1C5DADBD005C288B /* ZZCStationTests.xctest */ = {isa = PBXFileReference; explicitFileType = wrapper.cfbundle; includeInIndex = 0; path = ZZCStationTests.xctest; sourceTree = BUILT_PRODUCTS_DIR; };
		71A0EB0F1C5DADBD005C288B /* ZZCStationTests.m */ = {isa = PBXFileReference; lastKnownFileType = sourcecode.c.objc; path = ZZCStationTests.m; sourceTree = "<group>"; };
		71A0EB111C5DADBD005C288B /* Info.plist */ = {isa = PBXFileReference; lastKnownFileType = text.plist.xml; path = Info.plist; sourceTree = "<group>"; };
		71A0EB161C5DADBD005C288B /* ZZCStationUITests.xctest */ = {isa = PBXFileReference; explicitFileType = wrapper.cfbundle; includeInIndex = 0; path = ZZCStationUITests.xctest; sourceTree = BUILT_PRODUCTS_DIR; };
		71A0EB1A1C5DADBD005C288B /* ZZCStationUITests.m */ = {isa = PBXFileReference; lastKnownFileType = sourcecode.c.objc; path = ZZCStationUITests.m; sourceTree = "<group>"; };
		71A0EB1C1C5DADBD005C288B /* Info.plist */ = {isa = PBXFileReference; lastKnownFileType = text.plist.xml; path = Info.plist; sourceTree = "<group>"; };
		71A0EB281C5DAFA0005C288B /* StationListViewController.h */ = {isa = PBXFileReference; fileEncoding = 4; lastKnownFileType = sourcecode.c.h; path = StationListViewController.h; sourceTree = "<group>"; };
		71A0EB291C5DAFA0005C288B /* StationListViewController.m */ = {isa = PBXFileReference; fileEncoding = 4; lastKnownFileType = sourcecode.c.objc; path = StationListViewController.m; sourceTree = "<group>"; };
		71A0EB2A1C5DAFA0005C288B /* StationAddViewController.h */ = {isa = PBXFileReference; fileEncoding = 4; lastKnownFileType = sourcecode.c.h; path = StationAddViewController.h; sourceTree = "<group>"; };
		71A0EB2B1C5DAFA0005C288B /* StationAddViewController.m */ = {isa = PBXFileReference; fileEncoding = 4; lastKnownFileType = sourcecode.c.objc; path = StationAddViewController.m; sourceTree = "<group>"; };
		71A0EB2C1C5DAFA0005C288B /* StationAddressDetailViewController.h */ = {isa = PBXFileReference; fileEncoding = 4; lastKnownFileType = sourcecode.c.h; path = StationAddressDetailViewController.h; sourceTree = "<group>"; };
		71A0EB2D1C5DAFA0005C288B /* StationAddressDetailViewController.m */ = {isa = PBXFileReference; fileEncoding = 4; lastKnownFileType = sourcecode.c.objc; path = StationAddressDetailViewController.m; sourceTree = "<group>"; };
		71A0EB321C5DB2AA005C288B /* CoreLocation.framework */ = {isa = PBXFileReference; lastKnownFileType = wrapper.framework; name = CoreLocation.framework; path = System/Library/Frameworks/CoreLocation.framework; sourceTree = SDKROOT; };
		71A0EB341C5DB2B4005C288B /* QuartzCore.framework */ = {isa = PBXFileReference; lastKnownFileType = wrapper.framework; name = QuartzCore.framework; path = System/Library/Frameworks/QuartzCore.framework; sourceTree = SDKROOT; };
		71A0EB361C5DB2BC005C288B /* OpenGLES.framework */ = {isa = PBXFileReference; lastKnownFileType = wrapper.framework; name = OpenGLES.framework; path = System/Library/Frameworks/OpenGLES.framework; sourceTree = SDKROOT; };
		71A0EB381C5DB2C7005C288B /* SystemConfiguration.framework */ = {isa = PBXFileReference; lastKnownFileType = wrapper.framework; name = SystemConfiguration.framework; path = System/Library/Frameworks/SystemConfiguration.framework; sourceTree = SDKROOT; };
		71A0EB3A1C5DB2DD005C288B /* CoreGraphics.framework */ = {isa = PBXFileReference; lastKnownFileType = wrapper.framework; name = CoreGraphics.framework; path = System/Library/Frameworks/CoreGraphics.framework; sourceTree = SDKROOT; };
		71A0EB3C1C5DB2E8005C288B /* Security.framework */ = {isa = PBXFileReference; lastKnownFileType = wrapper.framework; name = Security.framework; path = System/Library/Frameworks/Security.framework; sourceTree = SDKROOT; };
		71A0EB3E1C5DB2F6005C288B /* libsqlite3.0.tbd */ = {isa = PBXFileReference; lastKnownFileType = "sourcecode.text-based-dylib-definition"; name = libsqlite3.0.tbd; path = usr/lib/libsqlite3.0.tbd; sourceTree = SDKROOT; };
		71A0EB401C5DB303005C288B /* CoreTelephony.framework */ = {isa = PBXFileReference; lastKnownFileType = wrapper.framework; name = CoreTelephony.framework; path = System/Library/Frameworks/CoreTelephony.framework; sourceTree = SDKROOT; };
		71A0EB421C5DB30D005C288B /* libstdc++.6.0.9.tbd */ = {isa = PBXFileReference; lastKnownFileType = "sourcecode.text-based-dylib-definition"; name = "libstdc++.6.0.9.tbd"; path = "usr/lib/libstdc++.6.0.9.tbd"; sourceTree = SDKROOT; };
		71A0EB441C5DB31B005C288B /* BaiduMapAPI_Base.framework */ = {isa = PBXFileReference; lastKnownFileType = wrapper.framework; name = BaiduMapAPI_Base.framework; path = Libs/BaiduMapAPI_Base.framework; sourceTree = "<group>"; };
		71A0EB451C5DB31B005C288B /* BaiduMapAPI_Cloud.framework */ = {isa = PBXFileReference; lastKnownFileType = wrapper.framework; name = BaiduMapAPI_Cloud.framework; path = Libs/BaiduMapAPI_Cloud.framework; sourceTree = "<group>"; };
		71A0EB461C5DB31B005C288B /* BaiduMapAPI_Location.framework */ = {isa = PBXFileReference; lastKnownFileType = wrapper.framework; name = BaiduMapAPI_Location.framework; path = Libs/BaiduMapAPI_Location.framework; sourceTree = "<group>"; };
		71A0EB471C5DB31B005C288B /* BaiduMapAPI_Map.framework */ = {isa = PBXFileReference; lastKnownFileType = wrapper.framework; name = BaiduMapAPI_Map.framework; path = Libs/BaiduMapAPI_Map.framework; sourceTree = "<group>"; };
		71A0EB481C5DB31B005C288B /* BaiduMapAPI_Radar.framework */ = {isa = PBXFileReference; lastKnownFileType = wrapper.framework; name = BaiduMapAPI_Radar.framework; path = Libs/BaiduMapAPI_Radar.framework; sourceTree = "<group>"; };
		71A0EB491C5DB31B005C288B /* BaiduMapAPI_Search.framework */ = {isa = PBXFileReference; lastKnownFileType = wrapper.framework; name = BaiduMapAPI_Search.framework; path = Libs/BaiduMapAPI_Search.framework; sourceTree = "<group>"; };
		71A0EB4A1C5DB31B005C288B /* BaiduMapAPI_Utils.framework */ = {isa = PBXFileReference; lastKnownFileType = wrapper.framework; name = BaiduMapAPI_Utils.framework; path = Libs/BaiduMapAPI_Utils.framework; sourceTree = "<group>"; };
		71A0EB671C5E1507005C288B /* JsonDataRW.h */ = {isa = PBXFileReference; fileEncoding = 4; lastKnownFileType = sourcecode.c.h; path = JsonDataRW.h; sourceTree = "<group>"; };
		71A0EB681C5E1507005C288B /* JsonDataRW.m */ = {isa = PBXFileReference; fileEncoding = 4; lastKnownFileType = sourcecode.c.objc; path = JsonDataRW.m; sourceTree = "<group>"; };
		71A127741CB7A4040089FEA4 /* UserManagement.storyboard */ = {isa = PBXFileReference; fileEncoding = 4; lastKnownFileType = file.storyboard; path = UserManagement.storyboard; sourceTree = "<group>"; };
		71A127761CB7A9360089FEA4 /* LoginViewController.h */ = {isa = PBXFileReference; fileEncoding = 4; lastKnownFileType = sourcecode.c.h; path = LoginViewController.h; sourceTree = "<group>"; };
		71A127771CB7A9360089FEA4 /* LoginViewController.m */ = {isa = PBXFileReference; fileEncoding = 4; lastKnownFileType = sourcecode.c.objc; path = LoginViewController.m; sourceTree = "<group>"; };
		71AAD0371CABB7EB001EE225 /* ChineseString.h */ = {isa = PBXFileReference; fileEncoding = 4; lastKnownFileType = sourcecode.c.h; path = ChineseString.h; sourceTree = "<group>"; };
		71AAD0381CABB7EB001EE225 /* ChineseString.m */ = {isa = PBXFileReference; fileEncoding = 4; lastKnownFileType = sourcecode.c.objc; path = ChineseString.m; sourceTree = "<group>"; };
		71AAD0391CABB7EB001EE225 /* pinyin.c */ = {isa = PBXFileReference; fileEncoding = 4; lastKnownFileType = sourcecode.c.c; path = pinyin.c; sourceTree = "<group>"; };
		71AAD03A1CABB7EB001EE225 /* pinyin.h */ = {isa = PBXFileReference; fileEncoding = 4; lastKnownFileType = sourcecode.c.h; path = pinyin.h; sourceTree = "<group>"; };
		71AAD09E1CABC2FB001EE225 /* MJExtension.h */ = {isa = PBXFileReference; fileEncoding = 4; lastKnownFileType = sourcecode.c.h; path = MJExtension.h; sourceTree = "<group>"; };
		71AAD09F1CABC2FB001EE225 /* MJExtensionConst.h */ = {isa = PBXFileReference; fileEncoding = 4; lastKnownFileType = sourcecode.c.h; path = MJExtensionConst.h; sourceTree = "<group>"; };
		71AAD0A01CABC2FB001EE225 /* MJExtensionConst.m */ = {isa = PBXFileReference; fileEncoding = 4; lastKnownFileType = sourcecode.c.objc; path = MJExtensionConst.m; sourceTree = "<group>"; };
		71AAD0A11CABC2FB001EE225 /* MJFoundation.h */ = {isa = PBXFileReference; fileEncoding = 4; lastKnownFileType = sourcecode.c.h; path = MJFoundation.h; sourceTree = "<group>"; };
		71AAD0A21CABC2FB001EE225 /* MJFoundation.m */ = {isa = PBXFileReference; fileEncoding = 4; lastKnownFileType = sourcecode.c.objc; path = MJFoundation.m; sourceTree = "<group>"; };
		71AAD0A31CABC2FB001EE225 /* MJProperty.h */ = {isa = PBXFileReference; fileEncoding = 4; lastKnownFileType = sourcecode.c.h; path = MJProperty.h; sourceTree = "<group>"; };
		71AAD0A41CABC2FB001EE225 /* MJProperty.m */ = {isa = PBXFileReference; fileEncoding = 4; lastKnownFileType = sourcecode.c.objc; path = MJProperty.m; sourceTree = "<group>"; };
		71AAD0A51CABC2FB001EE225 /* MJPropertyKey.h */ = {isa = PBXFileReference; fileEncoding = 4; lastKnownFileType = sourcecode.c.h; path = MJPropertyKey.h; sourceTree = "<group>"; };
		71AAD0A61CABC2FB001EE225 /* MJPropertyKey.m */ = {isa = PBXFileReference; fileEncoding = 4; lastKnownFileType = sourcecode.c.objc; path = MJPropertyKey.m; sourceTree = "<group>"; };
		71AAD0A71CABC2FB001EE225 /* MJPropertyType.h */ = {isa = PBXFileReference; fileEncoding = 4; lastKnownFileType = sourcecode.c.h; path = MJPropertyType.h; sourceTree = "<group>"; };
		71AAD0A81CABC2FB001EE225 /* MJPropertyType.m */ = {isa = PBXFileReference; fileEncoding = 4; lastKnownFileType = sourcecode.c.objc; path = MJPropertyType.m; sourceTree = "<group>"; };
		71AAD0A91CABC2FB001EE225 /* NSObject+MJClass.h */ = {isa = PBXFileReference; fileEncoding = 4; lastKnownFileType = sourcecode.c.h; path = "NSObject+MJClass.h"; sourceTree = "<group>"; };
		71AAD0AA1CABC2FB001EE225 /* NSObject+MJClass.m */ = {isa = PBXFileReference; fileEncoding = 4; lastKnownFileType = sourcecode.c.objc; path = "NSObject+MJClass.m"; sourceTree = "<group>"; };
		71AAD0AB1CABC2FB001EE225 /* NSObject+MJCoding.h */ = {isa = PBXFileReference; fileEncoding = 4; lastKnownFileType = sourcecode.c.h; path = "NSObject+MJCoding.h"; sourceTree = "<group>"; };
		71AAD0AC1CABC2FB001EE225 /* NSObject+MJCoding.m */ = {isa = PBXFileReference; fileEncoding = 4; lastKnownFileType = sourcecode.c.objc; path = "NSObject+MJCoding.m"; sourceTree = "<group>"; };
		71AAD0AD1CABC2FB001EE225 /* NSObject+MJKeyValue.h */ = {isa = PBXFileReference; fileEncoding = 4; lastKnownFileType = sourcecode.c.h; path = "NSObject+MJKeyValue.h"; sourceTree = "<group>"; };
		71AAD0AE1CABC2FB001EE225 /* NSObject+MJKeyValue.m */ = {isa = PBXFileReference; fileEncoding = 4; lastKnownFileType = sourcecode.c.objc; path = "NSObject+MJKeyValue.m"; sourceTree = "<group>"; };
		71AAD0AF1CABC2FB001EE225 /* NSObject+MJProperty.h */ = {isa = PBXFileReference; fileEncoding = 4; lastKnownFileType = sourcecode.c.h; path = "NSObject+MJProperty.h"; sourceTree = "<group>"; };
		71AAD0B01CABC2FB001EE225 /* NSObject+MJProperty.m */ = {isa = PBXFileReference; fileEncoding = 4; lastKnownFileType = sourcecode.c.objc; path = "NSObject+MJProperty.m"; sourceTree = "<group>"; };
		71AAD0B11CABC2FB001EE225 /* NSString+MJExtension.h */ = {isa = PBXFileReference; fileEncoding = 4; lastKnownFileType = sourcecode.c.h; path = "NSString+MJExtension.h"; sourceTree = "<group>"; };
		71AAD0B21CABC2FB001EE225 /* NSString+MJExtension.m */ = {isa = PBXFileReference; fileEncoding = 4; lastKnownFileType = sourcecode.c.objc; path = "NSString+MJExtension.m"; sourceTree = "<group>"; };
		71AAD0BE1CABC701001EE225 /* BATableView.h */ = {isa = PBXFileReference; fileEncoding = 4; lastKnownFileType = sourcecode.c.h; path = BATableView.h; sourceTree = "<group>"; };
		71AAD0BF1CABC701001EE225 /* BATableView.m */ = {isa = PBXFileReference; fileEncoding = 4; lastKnownFileType = sourcecode.c.objc; path = BATableView.m; sourceTree = "<group>"; };
		71AAD0C01CABC701001EE225 /* BATableViewIndex.h */ = {isa = PBXFileReference; fileEncoding = 4; lastKnownFileType = sourcecode.c.h; path = BATableViewIndex.h; sourceTree = "<group>"; };
		71AAD0C11CABC701001EE225 /* BATableViewIndex.m */ = {isa = PBXFileReference; fileEncoding = 4; lastKnownFileType = sourcecode.c.objc; path = BATableViewIndex.m; sourceTree = "<group>"; };
		71AAD0C41CABD11F001EE225 /* StationManagementViewController.h */ = {isa = PBXFileReference; fileEncoding = 4; lastKnownFileType = sourcecode.c.h; path = StationManagementViewController.h; sourceTree = "<group>"; };
		71AAD0C51CABD11F001EE225 /* StationManagementViewController.m */ = {isa = PBXFileReference; fileEncoding = 4; lastKnownFileType = sourcecode.c.objc; path = StationManagementViewController.m; sourceTree = "<group>"; };
		71CCB0F11CB7823500D227D9 /* MJRefreshAutoFooter.h */ = {isa = PBXFileReference; fileEncoding = 4; lastKnownFileType = sourcecode.c.h; path = MJRefreshAutoFooter.h; sourceTree = "<group>"; };
		71CCB0F21CB7823500D227D9 /* MJRefreshAutoFooter.m */ = {isa = PBXFileReference; fileEncoding = 4; lastKnownFileType = sourcecode.c.objc; path = MJRefreshAutoFooter.m; sourceTree = "<group>"; };
		71CCB0F31CB7823500D227D9 /* MJRefreshBackFooter.h */ = {isa = PBXFileReference; fileEncoding = 4; lastKnownFileType = sourcecode.c.h; path = MJRefreshBackFooter.h; sourceTree = "<group>"; };
		71CCB0F41CB7823500D227D9 /* MJRefreshBackFooter.m */ = {isa = PBXFileReference; fileEncoding = 4; lastKnownFileType = sourcecode.c.objc; path = MJRefreshBackFooter.m; sourceTree = "<group>"; };
		71CCB0F51CB7823500D227D9 /* MJRefreshComponent.h */ = {isa = PBXFileReference; fileEncoding = 4; lastKnownFileType = sourcecode.c.h; path = MJRefreshComponent.h; sourceTree = "<group>"; };
		71CCB0F61CB7823500D227D9 /* MJRefreshComponent.m */ = {isa = PBXFileReference; fileEncoding = 4; lastKnownFileType = sourcecode.c.objc; path = MJRefreshComponent.m; sourceTree = "<group>"; };
		71CCB0F71CB7823500D227D9 /* MJRefreshFooter.h */ = {isa = PBXFileReference; fileEncoding = 4; lastKnownFileType = sourcecode.c.h; path = MJRefreshFooter.h; sourceTree = "<group>"; };
		71CCB0F81CB7823500D227D9 /* MJRefreshFooter.m */ = {isa = PBXFileReference; fileEncoding = 4; lastKnownFileType = sourcecode.c.objc; path = MJRefreshFooter.m; sourceTree = "<group>"; };
		71CCB0F91CB7823500D227D9 /* MJRefreshHeader.h */ = {isa = PBXFileReference; fileEncoding = 4; lastKnownFileType = sourcecode.c.h; path = MJRefreshHeader.h; sourceTree = "<group>"; };
		71CCB0FA1CB7823500D227D9 /* MJRefreshHeader.m */ = {isa = PBXFileReference; fileEncoding = 4; lastKnownFileType = sourcecode.c.objc; path = MJRefreshHeader.m; sourceTree = "<group>"; };
		71CCB0FE1CB7823500D227D9 /* MJRefreshAutoGifFooter.h */ = {isa = PBXFileReference; fileEncoding = 4; lastKnownFileType = sourcecode.c.h; path = MJRefreshAutoGifFooter.h; sourceTree = "<group>"; };
		71CCB0FF1CB7823500D227D9 /* MJRefreshAutoGifFooter.m */ = {isa = PBXFileReference; fileEncoding = 4; lastKnownFileType = sourcecode.c.objc; path = MJRefreshAutoGifFooter.m; sourceTree = "<group>"; };
		71CCB1001CB7823500D227D9 /* MJRefreshAutoNormalFooter.h */ = {isa = PBXFileReference; fileEncoding = 4; lastKnownFileType = sourcecode.c.h; path = MJRefreshAutoNormalFooter.h; sourceTree = "<group>"; };
		71CCB1011CB7823500D227D9 /* MJRefreshAutoNormalFooter.m */ = {isa = PBXFileReference; fileEncoding = 4; lastKnownFileType = sourcecode.c.objc; path = MJRefreshAutoNormalFooter.m; sourceTree = "<group>"; };
		71CCB1021CB7823500D227D9 /* MJRefreshAutoStateFooter.h */ = {isa = PBXFileReference; fileEncoding = 4; lastKnownFileType = sourcecode.c.h; path = MJRefreshAutoStateFooter.h; sourceTree = "<group>"; };
		71CCB1031CB7823500D227D9 /* MJRefreshAutoStateFooter.m */ = {isa = PBXFileReference; fileEncoding = 4; lastKnownFileType = sourcecode.c.objc; path = MJRefreshAutoStateFooter.m; sourceTree = "<group>"; };
		71CCB1051CB7823500D227D9 /* MJRefreshBackGifFooter.h */ = {isa = PBXFileReference; fileEncoding = 4; lastKnownFileType = sourcecode.c.h; path = MJRefreshBackGifFooter.h; sourceTree = "<group>"; };
		71CCB1061CB7823500D227D9 /* MJRefreshBackGifFooter.m */ = {isa = PBXFileReference; fileEncoding = 4; lastKnownFileType = sourcecode.c.objc; path = MJRefreshBackGifFooter.m; sourceTree = "<group>"; };
		71CCB1071CB7823500D227D9 /* MJRefreshBackNormalFooter.h */ = {isa = PBXFileReference; fileEncoding = 4; lastKnownFileType = sourcecode.c.h; path = MJRefreshBackNormalFooter.h; sourceTree = "<group>"; };
		71CCB1081CB7823500D227D9 /* MJRefreshBackNormalFooter.m */ = {isa = PBXFileReference; fileEncoding = 4; lastKnownFileType = sourcecode.c.objc; path = MJRefreshBackNormalFooter.m; sourceTree = "<group>"; };
		71CCB1091CB7823500D227D9 /* MJRefreshBackStateFooter.h */ = {isa = PBXFileReference; fileEncoding = 4; lastKnownFileType = sourcecode.c.h; path = MJRefreshBackStateFooter.h; sourceTree = "<group>"; };
		71CCB10A1CB7823500D227D9 /* MJRefreshBackStateFooter.m */ = {isa = PBXFileReference; fileEncoding = 4; lastKnownFileType = sourcecode.c.objc; path = MJRefreshBackStateFooter.m; sourceTree = "<group>"; };
		71CCB10C1CB7823500D227D9 /* MJRefreshGifHeader.h */ = {isa = PBXFileReference; fileEncoding = 4; lastKnownFileType = sourcecode.c.h; path = MJRefreshGifHeader.h; sourceTree = "<group>"; };
		71CCB10D1CB7823500D227D9 /* MJRefreshGifHeader.m */ = {isa = PBXFileReference; fileEncoding = 4; lastKnownFileType = sourcecode.c.objc; path = MJRefreshGifHeader.m; sourceTree = "<group>"; };
		71CCB10E1CB7823500D227D9 /* MJRefreshNormalHeader.h */ = {isa = PBXFileReference; fileEncoding = 4; lastKnownFileType = sourcecode.c.h; path = MJRefreshNormalHeader.h; sourceTree = "<group>"; };
		71CCB10F1CB7823500D227D9 /* MJRefreshNormalHeader.m */ = {isa = PBXFileReference; fileEncoding = 4; lastKnownFileType = sourcecode.c.objc; path = MJRefreshNormalHeader.m; sourceTree = "<group>"; };
		71CCB1101CB7823500D227D9 /* MJRefreshStateHeader.h */ = {isa = PBXFileReference; fileEncoding = 4; lastKnownFileType = sourcecode.c.h; path = MJRefreshStateHeader.h; sourceTree = "<group>"; };
		71CCB1111CB7823500D227D9 /* MJRefreshStateHeader.m */ = {isa = PBXFileReference; fileEncoding = 4; lastKnownFileType = sourcecode.c.objc; path = MJRefreshStateHeader.m; sourceTree = "<group>"; };
		71CCB1121CB7823500D227D9 /* MJRefresh.bundle */ = {isa = PBXFileReference; lastKnownFileType = "wrapper.plug-in"; name = MJRefresh.bundle; path = MJRefresh/MJRefresh.bundle; sourceTree = "<group>"; };
		71CCB1131CB7823500D227D9 /* MJRefresh.h */ = {isa = PBXFileReference; fileEncoding = 4; lastKnownFileType = sourcecode.c.h; name = MJRefresh.h; path = MJRefresh/MJRefresh.h; sourceTree = "<group>"; };
		71CCB1141CB7823500D227D9 /* MJRefreshConst.h */ = {isa = PBXFileReference; fileEncoding = 4; lastKnownFileType = sourcecode.c.h; name = MJRefreshConst.h; path = MJRefresh/MJRefreshConst.h; sourceTree = "<group>"; };
		71CCB1151CB7823500D227D9 /* MJRefreshConst.m */ = {isa = PBXFileReference; fileEncoding = 4; lastKnownFileType = sourcecode.c.objc; name = MJRefreshConst.m; path = MJRefresh/MJRefreshConst.m; sourceTree = "<group>"; };
		71CCB1161CB7823500D227D9 /* UIScrollView+MJExtension.h */ = {isa = PBXFileReference; fileEncoding = 4; lastKnownFileType = sourcecode.c.h; name = "UIScrollView+MJExtension.h"; path = "MJRefresh/UIScrollView+MJExtension.h"; sourceTree = "<group>"; };
		71CCB1171CB7823500D227D9 /* UIScrollView+MJExtension.m */ = {isa = PBXFileReference; fileEncoding = 4; lastKnownFileType = sourcecode.c.objc; name = "UIScrollView+MJExtension.m"; path = "MJRefresh/UIScrollView+MJExtension.m"; sourceTree = "<group>"; };
		71CCB1181CB7823500D227D9 /* UIScrollView+MJRefresh.h */ = {isa = PBXFileReference; fileEncoding = 4; lastKnownFileType = sourcecode.c.h; name = "UIScrollView+MJRefresh.h"; path = "MJRefresh/UIScrollView+MJRefresh.h"; sourceTree = "<group>"; };
		71CCB1191CB7823500D227D9 /* UIScrollView+MJRefresh.m */ = {isa = PBXFileReference; fileEncoding = 4; lastKnownFileType = sourcecode.c.objc; name = "UIScrollView+MJRefresh.m"; path = "MJRefresh/UIScrollView+MJRefresh.m"; sourceTree = "<group>"; };
		71CCB11A1CB7823500D227D9 /* UIView+MJExtension.h */ = {isa = PBXFileReference; fileEncoding = 4; lastKnownFileType = sourcecode.c.h; name = "UIView+MJExtension.h"; path = "MJRefresh/UIView+MJExtension.h"; sourceTree = "<group>"; };
		71CCB11B1CB7823500D227D9 /* UIView+MJExtension.m */ = {isa = PBXFileReference; fileEncoding = 4; lastKnownFileType = sourcecode.c.objc; name = "UIView+MJExtension.m"; path = "MJRefresh/UIView+MJExtension.m"; sourceTree = "<group>"; };
		71CCB12F1CB789E600D227D9 /* MJChiBaoZiHeader.h */ = {isa = PBXFileReference; fileEncoding = 4; lastKnownFileType = sourcecode.c.h; path = MJChiBaoZiHeader.h; sourceTree = "<group>"; };
		71CCB1301CB789E600D227D9 /* MJChiBaoZiHeader.m */ = {isa = PBXFileReference; fileEncoding = 4; lastKnownFileType = sourcecode.c.objc; path = MJChiBaoZiHeader.m; sourceTree = "<group>"; };
		71CCB1321CB78A2200D227D9 /* Images.xcassets */ = {isa = PBXFileReference; lastKnownFileType = folder.assetcatalog; path = Images.xcassets; sourceTree = "<group>"; };
		71D4FDF21CA11BDB00DDEAFB /* StationListViewCell.h */ = {isa = PBXFileReference; fileEncoding = 4; lastKnownFileType = sourcecode.c.h; path = StationListViewCell.h; sourceTree = "<group>"; };
		71D4FDF31CA11BDB00DDEAFB /* StationListViewCell.m */ = {isa = PBXFileReference; fileEncoding = 4; lastKnownFileType = sourcecode.c.objc; path = StationListViewCell.m; sourceTree = "<group>"; };
		71DCB58A1C900097005A0201 /* AVOSCloud.framework */ = {isa = PBXFileReference; lastKnownFileType = wrapper.framework; name = AVOSCloud.framework; path = Libs/AVOSCloud.framework; sourceTree = "<group>"; };
		71DCB58C1C9000EA005A0201 /* MobileCoreServices.framework */ = {isa = PBXFileReference; lastKnownFileType = wrapper.framework; name = MobileCoreServices.framework; path = System/Library/Frameworks/MobileCoreServices.framework; sourceTree = SDKROOT; };
/* End PBXFileReference section */

/* Begin PBXFrameworksBuildPhase section */
		71A0EAEF1C5DADBC005C288B /* Frameworks */ = {
			isa = PBXFrameworksBuildPhase;
			buildActionMask = 2147483647;
			files = (
				71A0EB411C5DB303005C288B /* CoreTelephony.framework in Frameworks */,
				71DCB58D1C9000EA005A0201 /* MobileCoreServices.framework in Frameworks */,
				71A0EB4C1C5DB31B005C288B /* BaiduMapAPI_Base.framework in Frameworks */,
				71A0EB4D1C5DB31B005C288B /* BaiduMapAPI_Cloud.framework in Frameworks */,
				71A0EB4E1C5DB31B005C288B /* BaiduMapAPI_Location.framework in Frameworks */,
				71A0EB4F1C5DB31B005C288B /* BaiduMapAPI_Map.framework in Frameworks */,
				71A0EB501C5DB31B005C288B /* BaiduMapAPI_Radar.framework in Frameworks */,
				71A0EB511C5DB31B005C288B /* BaiduMapAPI_Search.framework in Frameworks */,
				71A0EB521C5DB31B005C288B /* BaiduMapAPI_Utils.framework in Frameworks */,
				71A0EB431C5DB30D005C288B /* libstdc++.6.0.9.tbd in Frameworks */,
				71A0EB3F1C5DB2F6005C288B /* libsqlite3.0.tbd in Frameworks */,
				71A0EB3D1C5DB2E8005C288B /* Security.framework in Frameworks */,
				71A0EB3B1C5DB2DD005C288B /* CoreGraphics.framework in Frameworks */,
				71A0EB391C5DB2C7005C288B /* SystemConfiguration.framework in Frameworks */,
				71DCB58B1C900097005A0201 /* AVOSCloud.framework in Frameworks */,
				71A0EB371C5DB2BC005C288B /* OpenGLES.framework in Frameworks */,
				71A0EB351C5DB2B4005C288B /* QuartzCore.framework in Frameworks */,
				71A0EB331C5DB2AA005C288B /* CoreLocation.framework in Frameworks */,
			);
			runOnlyForDeploymentPostprocessing = 0;
		};
		71A0EB081C5DADBD005C288B /* Frameworks */ = {
			isa = PBXFrameworksBuildPhase;
			buildActionMask = 2147483647;
			files = (
			);
			runOnlyForDeploymentPostprocessing = 0;
		};
		71A0EB131C5DADBD005C288B /* Frameworks */ = {
			isa = PBXFrameworksBuildPhase;
			buildActionMask = 2147483647;
			files = (
			);
			runOnlyForDeploymentPostprocessing = 0;
		};
/* End PBXFrameworksBuildPhase section */

/* Begin PBXGroup section */
		7101D5CC1CBE211000C2018D /* MBProgressHUD */ = {
			isa = PBXGroup;
			children = (
				7101D5CD1CBE211000C2018D /* MBProgressHUD+Add.h */,
				7101D5CE1CBE211000C2018D /* MBProgressHUD+Add.m */,
				7101D5CF1CBE211000C2018D /* MBProgressHUD.bundle */,
				7101D5D01CBE211000C2018D /* MBProgressHUD.h */,
				7101D5D11CBE211000C2018D /* MBProgressHUD.m */,
			);
			path = MBProgressHUD;
			sourceTree = "<group>";
		};
		7134B5BE1CBF922800C999B1 /* Old */ = {
			isa = PBXGroup;
			children = (
				7192CD211C5F9AA50051BD58 /* LocationDemoViewController.xib */,
				71A0EB671C5E1507005C288B /* JsonDataRW.h */,
				71A0EB681C5E1507005C288B /* JsonDataRW.m */,
				7192CD1E1C5F9A610051BD58 /* LocationDemoViewController.h */,
				7192CD1F1C5F9A610051BD58 /* LocationDemoViewController.m */,
				715D2AAB1CA3D06900C8C662 /* StationSearchViewController.h */,
				715D2AAC1CA3D06900C8C662 /* StationSearchViewController.m */,
				71A0EB281C5DAFA0005C288B /* StationListViewController.h */,
				71A0EB291C5DAFA0005C288B /* StationListViewController.m */,
				71D4FDF21CA11BDB00DDEAFB /* StationListViewCell.h */,
				71D4FDF31CA11BDB00DDEAFB /* StationListViewCell.m */,
			);
			name = Old;
			sourceTree = "<group>";
		};
		71A0EAE91C5DADBC005C288B = {
			isa = PBXGroup;
			children = (
				71A0EAF41C5DADBC005C288B /* ZZCStation */,
				71A0EB0E1C5DADBD005C288B /* ZZCStationTests */,
				71A0EB191C5DADBD005C288B /* ZZCStationUITests */,
				71A0EAF31C5DADBC005C288B /* Products */,
			);
			sourceTree = "<group>";
		};
		71A0EAF31C5DADBC005C288B /* Products */ = {
			isa = PBXGroup;
			children = (
				71A0EAF21C5DADBC005C288B /* ZZCStation.app */,
				71A0EB0B1C5DADBD005C288B /* ZZCStationTests.xctest */,
				71A0EB161C5DADBD005C288B /* ZZCStationUITests.xctest */,
			);
			name = Products;
			sourceTree = "<group>";
		};
		71A0EAF41C5DADBC005C288B /* ZZCStation */ = {
			isa = PBXGroup;
			children = (
				7134B5BE1CBF922800C999B1 /* Old */,
				71A0EB311C5DAFE0005C288B /* Libs */,
				71A0EAF81C5DADBD005C288B /* AppDelegate.h */,
				71A0EAF91C5DADBD005C288B /* AppDelegate.mm */,
				71A127761CB7A9360089FEA4 /* LoginViewController.h */,
				71A127771CB7A9360089FEA4 /* LoginViewController.m */,
				7101D5D51CBE3EDA00C2018D /* LogonViewController.h */,
				7101D5D61CBE3EDA00C2018D /* LogonViewController.m */,
				7101D5D81CBE497900C2018D /* ForgetPasswordViewController.h */,
				7101D5D91CBE497900C2018D /* ForgetPasswordViewController.m */,
				71AAD0C41CABD11F001EE225 /* StationManagementViewController.h */,
				71AAD0C51CABD11F001EE225 /* StationManagementViewController.m */,
				71A0EB2C1C5DAFA0005C288B /* StationAddressDetailViewController.h */,
				71A0EB2D1C5DAFA0005C288B /* StationAddressDetailViewController.m */,
				71A0EB2A1C5DAFA0005C288B /* StationAddViewController.h */,
				71A0EB2B1C5DAFA0005C288B /* StationAddViewController.m */,
				7192CD1B1C5F99FE0051BD58 /* LocationViewController.h */,
				7192CD1C1C5F99FE0051BD58 /* LocationViewController.m */,
				715278A21C9F8B0E00C0DF81 /* StationDataModel.h */,
				715278A31C9F8B0E00C0DF81 /* StationDataModel.m */,
				7137F0C11CAA77D2005FA123 /* FromCallFunctionToDic.h */,
				7137F0C21CAA77D2005FA123 /* FromCallFunctionToDic.m */,
				71A0EB031C5DADBD005C288B /* LaunchScreen.storyboard */,
				71A127741CB7A4040089FEA4 /* UserManagement.storyboard */,
				71A0EB011C5DADBD005C288B /* Assets.xcassets */,
				71CCB1321CB78A2200D227D9 /* Images.xcassets */,
				71A0EB061C5DADBD005C288B /* Info.plist */,
				71A0EAF51C5DADBC005C288B /* Supporting Files */,
			);
			path = ZZCStation;
			sourceTree = "<group>";
		};
		71A0EAF51C5DADBC005C288B /* Supporting Files */ = {
			isa = PBXGroup;
			children = (
				71A0EAFE1C5DADBD005C288B /* Main.storyboard */,
				71A0EAF61C5DADBC005C288B /* main.m */,
			);
			name = "Supporting Files";
			sourceTree = "<group>";
		};
		71A0EB0E1C5DADBD005C288B /* ZZCStationTests */ = {
			isa = PBXGroup;
			children = (
				71A0EB0F1C5DADBD005C288B /* ZZCStationTests.m */,
				71A0EB111C5DADBD005C288B /* Info.plist */,
			);
			path = ZZCStationTests;
			sourceTree = "<group>";
		};
		71A0EB191C5DADBD005C288B /* ZZCStationUITests */ = {
			isa = PBXGroup;
			children = (
				71A0EB1A1C5DADBD005C288B /* ZZCStationUITests.m */,
				71A0EB1C1C5DADBD005C288B /* Info.plist */,
			);
			path = ZZCStationUITests;
			sourceTree = "<group>";
		};
		71A0EB311C5DAFE0005C288B /* Libs */ = {
			isa = PBXGroup;
			children = (
				7101D5CC1CBE211000C2018D /* MBProgressHUD */,
				71CCB0EF1CB7822600D227D9 /* MJRefresh */,
				71AAD0BD1CABC701001EE225 /* BATableViewKit */,
				71AAD09D1CABC2FB001EE225 /* MJExtension */,
				71AAD03D1CABB801001EE225 /* ChineseSorting */,
				7104EF131C5E48D300C38CAA /* JSONKit.h */,
				7104EF141C5E48D300C38CAA /* JSONKit.m */,
				71DCB58A1C900097005A0201 /* AVOSCloud.framework */,
				7104EF111C5E2EC800C38CAA /* mapapi.bundle */,
				71A0EB441C5DB31B005C288B /* BaiduMapAPI_Base.framework */,
				71A0EB451C5DB31B005C288B /* BaiduMapAPI_Cloud.framework */,
				71A0EB461C5DB31B005C288B /* BaiduMapAPI_Location.framework */,
				71A0EB471C5DB31B005C288B /* BaiduMapAPI_Map.framework */,
				71A0EB481C5DB31B005C288B /* BaiduMapAPI_Radar.framework */,
				71A0EB491C5DB31B005C288B /* BaiduMapAPI_Search.framework */,
				71A0EB4A1C5DB31B005C288B /* BaiduMapAPI_Utils.framework */,
				71A0EB421C5DB30D005C288B /* libstdc++.6.0.9.tbd */,
				71A0EB401C5DB303005C288B /* CoreTelephony.framework */,
				71A0EB3E1C5DB2F6005C288B /* libsqlite3.0.tbd */,
				71DCB58C1C9000EA005A0201 /* MobileCoreServices.framework */,
				71A0EB3C1C5DB2E8005C288B /* Security.framework */,
				71A0EB3A1C5DB2DD005C288B /* CoreGraphics.framework */,
				71A0EB381C5DB2C7005C288B /* SystemConfiguration.framework */,
				71A0EB361C5DB2BC005C288B /* OpenGLES.framework */,
				71A0EB341C5DB2B4005C288B /* QuartzCore.framework */,
				71A0EB321C5DB2AA005C288B /* CoreLocation.framework */,
			);
			name = Libs;
			sourceTree = "<group>";
		};
		71AAD03D1CABB801001EE225 /* ChineseSorting */ = {
			isa = PBXGroup;
			children = (
				71AAD0371CABB7EB001EE225 /* ChineseString.h */,
				71AAD0381CABB7EB001EE225 /* ChineseString.m */,
				71AAD0391CABB7EB001EE225 /* pinyin.c */,
				71AAD03A1CABB7EB001EE225 /* pinyin.h */,
			);
			name = ChineseSorting;
			sourceTree = "<group>";
		};
		71AAD09D1CABC2FB001EE225 /* MJExtension */ = {
			isa = PBXGroup;
			children = (
				71AAD09E1CABC2FB001EE225 /* MJExtension.h */,
				71AAD09F1CABC2FB001EE225 /* MJExtensionConst.h */,
				71AAD0A01CABC2FB001EE225 /* MJExtensionConst.m */,
				71AAD0A11CABC2FB001EE225 /* MJFoundation.h */,
				71AAD0A21CABC2FB001EE225 /* MJFoundation.m */,
				71AAD0A31CABC2FB001EE225 /* MJProperty.h */,
				71AAD0A41CABC2FB001EE225 /* MJProperty.m */,
				71AAD0A51CABC2FB001EE225 /* MJPropertyKey.h */,
				71AAD0A61CABC2FB001EE225 /* MJPropertyKey.m */,
				71AAD0A71CABC2FB001EE225 /* MJPropertyType.h */,
				71AAD0A81CABC2FB001EE225 /* MJPropertyType.m */,
				71AAD0A91CABC2FB001EE225 /* NSObject+MJClass.h */,
				71AAD0AA1CABC2FB001EE225 /* NSObject+MJClass.m */,
				71AAD0AB1CABC2FB001EE225 /* NSObject+MJCoding.h */,
				71AAD0AC1CABC2FB001EE225 /* NSObject+MJCoding.m */,
				71AAD0AD1CABC2FB001EE225 /* NSObject+MJKeyValue.h */,
				71AAD0AE1CABC2FB001EE225 /* NSObject+MJKeyValue.m */,
				71AAD0AF1CABC2FB001EE225 /* NSObject+MJProperty.h */,
				71AAD0B01CABC2FB001EE225 /* NSObject+MJProperty.m */,
				71AAD0B11CABC2FB001EE225 /* NSString+MJExtension.h */,
				71AAD0B21CABC2FB001EE225 /* NSString+MJExtension.m */,
			);
			path = MJExtension;
			sourceTree = "<group>";
		};
		71AAD0BD1CABC701001EE225 /* BATableViewKit */ = {
			isa = PBXGroup;
			children = (
				71AAD0BE1CABC701001EE225 /* BATableView.h */,
				71AAD0BF1CABC701001EE225 /* BATableView.m */,
				71AAD0C01CABC701001EE225 /* BATableViewIndex.h */,
				71AAD0C11CABC701001EE225 /* BATableViewIndex.m */,
			);
			path = BATableViewKit;
			sourceTree = "<group>";
		};
		71CCB0EF1CB7822600D227D9 /* MJRefresh */ = {
			isa = PBXGroup;
			children = (
				71CCB0F01CB7823500D227D9 /* Base */,
				71CCB0FB1CB7823500D227D9 /* Custom */,
				71CCB1121CB7823500D227D9 /* MJRefresh.bundle */,
				71CCB1131CB7823500D227D9 /* MJRefresh.h */,
				71CCB1141CB7823500D227D9 /* MJRefreshConst.h */,
				71CCB1151CB7823500D227D9 /* MJRefreshConst.m */,
				71CCB1161CB7823500D227D9 /* UIScrollView+MJExtension.h */,
				71CCB1171CB7823500D227D9 /* UIScrollView+MJExtension.m */,
				71CCB1181CB7823500D227D9 /* UIScrollView+MJRefresh.h */,
				71CCB1191CB7823500D227D9 /* UIScrollView+MJRefresh.m */,
				71CCB11A1CB7823500D227D9 /* UIView+MJExtension.h */,
				71CCB11B1CB7823500D227D9 /* UIView+MJExtension.m */,
				71CCB12F1CB789E600D227D9 /* MJChiBaoZiHeader.h */,
				71CCB1301CB789E600D227D9 /* MJChiBaoZiHeader.m */,
			);
			name = MJRefresh;
			sourceTree = "<group>";
		};
		71CCB0F01CB7823500D227D9 /* Base */ = {
			isa = PBXGroup;
			children = (
				71CCB0F11CB7823500D227D9 /* MJRefreshAutoFooter.h */,
				71CCB0F21CB7823500D227D9 /* MJRefreshAutoFooter.m */,
				71CCB0F31CB7823500D227D9 /* MJRefreshBackFooter.h */,
				71CCB0F41CB7823500D227D9 /* MJRefreshBackFooter.m */,
				71CCB0F51CB7823500D227D9 /* MJRefreshComponent.h */,
				71CCB0F61CB7823500D227D9 /* MJRefreshComponent.m */,
				71CCB0F71CB7823500D227D9 /* MJRefreshFooter.h */,
				71CCB0F81CB7823500D227D9 /* MJRefreshFooter.m */,
				71CCB0F91CB7823500D227D9 /* MJRefreshHeader.h */,
				71CCB0FA1CB7823500D227D9 /* MJRefreshHeader.m */,
			);
			name = Base;
			path = MJRefresh/Base;
			sourceTree = "<group>";
		};
		71CCB0FB1CB7823500D227D9 /* Custom */ = {
			isa = PBXGroup;
			children = (
				71CCB0FC1CB7823500D227D9 /* Footer */,
				71CCB10B1CB7823500D227D9 /* Header */,
			);
			name = Custom;
			path = MJRefresh/Custom;
			sourceTree = "<group>";
		};
		71CCB0FC1CB7823500D227D9 /* Footer */ = {
			isa = PBXGroup;
			children = (
				71CCB0FD1CB7823500D227D9 /* Auto */,
				71CCB1041CB7823500D227D9 /* Back */,
			);
			path = Footer;
			sourceTree = "<group>";
		};
		71CCB0FD1CB7823500D227D9 /* Auto */ = {
			isa = PBXGroup;
			children = (
				71CCB0FE1CB7823500D227D9 /* MJRefreshAutoGifFooter.h */,
				71CCB0FF1CB7823500D227D9 /* MJRefreshAutoGifFooter.m */,
				71CCB1001CB7823500D227D9 /* MJRefreshAutoNormalFooter.h */,
				71CCB1011CB7823500D227D9 /* MJRefreshAutoNormalFooter.m */,
				71CCB1021CB7823500D227D9 /* MJRefreshAutoStateFooter.h */,
				71CCB1031CB7823500D227D9 /* MJRefreshAutoStateFooter.m */,
			);
			path = Auto;
			sourceTree = "<group>";
		};
		71CCB1041CB7823500D227D9 /* Back */ = {
			isa = PBXGroup;
			children = (
				71CCB1051CB7823500D227D9 /* MJRefreshBackGifFooter.h */,
				71CCB1061CB7823500D227D9 /* MJRefreshBackGifFooter.m */,
				71CCB1071CB7823500D227D9 /* MJRefreshBackNormalFooter.h */,
				71CCB1081CB7823500D227D9 /* MJRefreshBackNormalFooter.m */,
				71CCB1091CB7823500D227D9 /* MJRefreshBackStateFooter.h */,
				71CCB10A1CB7823500D227D9 /* MJRefreshBackStateFooter.m */,
			);
			path = Back;
			sourceTree = "<group>";
		};
		71CCB10B1CB7823500D227D9 /* Header */ = {
			isa = PBXGroup;
			children = (
				71CCB10C1CB7823500D227D9 /* MJRefreshGifHeader.h */,
				71CCB10D1CB7823500D227D9 /* MJRefreshGifHeader.m */,
				71CCB10E1CB7823500D227D9 /* MJRefreshNormalHeader.h */,
				71CCB10F1CB7823500D227D9 /* MJRefreshNormalHeader.m */,
				71CCB1101CB7823500D227D9 /* MJRefreshStateHeader.h */,
				71CCB1111CB7823500D227D9 /* MJRefreshStateHeader.m */,
			);
			path = Header;
			sourceTree = "<group>";
		};
/* End PBXGroup section */

/* Begin PBXNativeTarget section */
		71A0EAF11C5DADBC005C288B /* ZZCStation */ = {
			isa = PBXNativeTarget;
			buildConfigurationList = 71A0EB1F1C5DADBD005C288B /* Build configuration list for PBXNativeTarget "ZZCStation" */;
			buildPhases = (
				71A0EAEE1C5DADBC005C288B /* Sources */,
				71A0EAEF1C5DADBC005C288B /* Frameworks */,
				71A0EAF01C5DADBC005C288B /* Resources */,
			);
			buildRules = (
			);
			dependencies = (
			);
			name = ZZCStation;
			productName = ZZCStation;
			productReference = 71A0EAF21C5DADBC005C288B /* ZZCStation.app */;
			productType = "com.apple.product-type.application";
		};
		71A0EB0A1C5DADBD005C288B /* ZZCStationTests */ = {
			isa = PBXNativeTarget;
			buildConfigurationList = 71A0EB221C5DADBD005C288B /* Build configuration list for PBXNativeTarget "ZZCStationTests" */;
			buildPhases = (
				71A0EB071C5DADBD005C288B /* Sources */,
				71A0EB081C5DADBD005C288B /* Frameworks */,
				71A0EB091C5DADBD005C288B /* Resources */,
			);
			buildRules = (
			);
			dependencies = (
				71A0EB0D1C5DADBD005C288B /* PBXTargetDependency */,
			);
			name = ZZCStationTests;
			productName = ZZCStationTests;
			productReference = 71A0EB0B1C5DADBD005C288B /* ZZCStationTests.xctest */;
			productType = "com.apple.product-type.bundle.unit-test";
		};
		71A0EB151C5DADBD005C288B /* ZZCStationUITests */ = {
			isa = PBXNativeTarget;
			buildConfigurationList = 71A0EB251C5DADBD005C288B /* Build configuration list for PBXNativeTarget "ZZCStationUITests" */;
			buildPhases = (
				71A0EB121C5DADBD005C288B /* Sources */,
				71A0EB131C5DADBD005C288B /* Frameworks */,
				71A0EB141C5DADBD005C288B /* Resources */,
			);
			buildRules = (
			);
			dependencies = (
				71A0EB181C5DADBD005C288B /* PBXTargetDependency */,
			);
			name = ZZCStationUITests;
			productName = ZZCStationUITests;
			productReference = 71A0EB161C5DADBD005C288B /* ZZCStationUITests.xctest */;
			productType = "com.apple.product-type.bundle.ui-testing";
		};
/* End PBXNativeTarget section */

/* Begin PBXProject section */
		71A0EAEA1C5DADBC005C288B /* Project object */ = {
			isa = PBXProject;
			attributes = {
				KnownAssetTags = (
					100,
					1000,
					1001,
					1002,
				);
				LastUpgradeCheck = 0720;
				ORGANIZATIONNAME = Ray;
				TargetAttributes = {
					71A0EAF11C5DADBC005C288B = {
						CreatedOnToolsVersion = 7.2;
						DevelopmentTeam = E26HJGEMA9;
					};
					71A0EB0A1C5DADBD005C288B = {
						CreatedOnToolsVersion = 7.2;
						TestTargetID = 71A0EAF11C5DADBC005C288B;
					};
					71A0EB151C5DADBD005C288B = {
						CreatedOnToolsVersion = 7.2;
						TestTargetID = 71A0EAF11C5DADBC005C288B;
					};
				};
			};
			buildConfigurationList = 71A0EAED1C5DADBC005C288B /* Build configuration list for PBXProject "ZZCStation" */;
			compatibilityVersion = "Xcode 3.2";
			developmentRegion = English;
			hasScannedForEncodings = 0;
			knownRegions = (
				en,
				Base,
			);
			mainGroup = 71A0EAE91C5DADBC005C288B;
			productRefGroup = 71A0EAF31C5DADBC005C288B /* Products */;
			projectDirPath = "";
			projectRoot = "";
			targets = (
				71A0EAF11C5DADBC005C288B /* ZZCStation */,
				71A0EB0A1C5DADBD005C288B /* ZZCStationTests */,
				71A0EB151C5DADBD005C288B /* ZZCStationUITests */,
			);
		};
/* End PBXProject section */

/* Begin PBXResourcesBuildPhase section */
		71A0EAF01C5DADBC005C288B /* Resources */ = {
			isa = PBXResourcesBuildPhase;
			buildActionMask = 2147483647;
			files = (
				71CCB1331CB78A2200D227D9 /* Images.xcassets in Resources */,
				71A127751CB7A4040089FEA4 /* UserManagement.storyboard in Resources */,
				71A0EB051C5DADBD005C288B /* LaunchScreen.storyboard in Resources */,
				71A0EB021C5DADBD005C288B /* Assets.xcassets in Resources */,
				7104EF121C5E2EC800C38CAA /* mapapi.bundle in Resources */,
				7101D5D31CBE211000C2018D /* MBProgressHUD.bundle in Resources */,
				7192CD221C5F9AA50051BD58 /* LocationDemoViewController.xib in Resources */,
				71A0EB001C5DADBD005C288B /* Main.storyboard in Resources */,
				71CCB12A1CB7823500D227D9 /* MJRefresh.bundle in Resources */,
			);
			runOnlyForDeploymentPostprocessing = 0;
		};
		71A0EB091C5DADBD005C288B /* Resources */ = {
			isa = PBXResourcesBuildPhase;
			buildActionMask = 2147483647;
			files = (
			);
			runOnlyForDeploymentPostprocessing = 0;
		};
		71A0EB141C5DADBD005C288B /* Resources */ = {
			isa = PBXResourcesBuildPhase;
			buildActionMask = 2147483647;
			files = (
			);
			runOnlyForDeploymentPostprocessing = 0;
		};
/* End PBXResourcesBuildPhase section */

/* Begin PBXSourcesBuildPhase section */
		71A0EAEE1C5DADBC005C288B /* Sources */ = {
			isa = PBXSourcesBuildPhase;
			buildActionMask = 2147483647;
			files = (
				715278A41C9F8B0E00C0DF81 /* StationDataModel.m in Sources */,
				71CCB1211CB7823500D227D9 /* MJRefreshAutoGifFooter.m in Sources */,
				71CCB1261CB7823500D227D9 /* MJRefreshBackStateFooter.m in Sources */,
				71CCB12E1CB7823500D227D9 /* UIView+MJExtension.m in Sources */,
				71CCB11F1CB7823500D227D9 /* MJRefreshFooter.m in Sources */,
				71AAD0BA1CABC2FB001EE225 /* NSObject+MJKeyValue.m in Sources */,
				7101D5DA1CBE497900C2018D /* ForgetPasswordViewController.m in Sources */,
				71AAD0C31CABC701001EE225 /* BATableViewIndex.m in Sources */,
				71CCB11C1CB7823500D227D9 /* MJRefreshAutoFooter.m in Sources */,
				7101D5D71CBE3EDA00C2018D /* LogonViewController.m in Sources */,
				71A127781CB7A9360089FEA4 /* LoginViewController.m in Sources */,
				71A0EB2E1C5DAFA0005C288B /* StationListViewController.m in Sources */,
				71CCB12C1CB7823500D227D9 /* UIScrollView+MJExtension.m in Sources */,
				71A0EB301C5DAFA0005C288B /* StationAddressDetailViewController.m in Sources */,
				71CCB1231CB7823500D227D9 /* MJRefreshAutoStateFooter.m in Sources */,
				715D2AAD1CA3D06900C8C662 /* StationSearchViewController.m in Sources */,
				71AAD03B1CABB7EB001EE225 /* ChineseString.m in Sources */,
				71AAD0B71CABC2FB001EE225 /* MJPropertyType.m in Sources */,
				71CCB1201CB7823500D227D9 /* MJRefreshHeader.m in Sources */,
				7101D5D41CBE211000C2018D /* MBProgressHUD.m in Sources */,
				71AAD0BB1CABC2FB001EE225 /* NSObject+MJProperty.m in Sources */,
				71AAD0B91CABC2FB001EE225 /* NSObject+MJCoding.m in Sources */,
				71A0EB691C5E1507005C288B /* JsonDataRW.m in Sources */,
				7192CD201C5F9A610051BD58 /* LocationDemoViewController.m in Sources */,
				7137F0C31CAA77D2005FA123 /* FromCallFunctionToDic.m in Sources */,
				71AAD0C21CABC701001EE225 /* BATableView.m in Sources */,
				71AAD0B61CABC2FB001EE225 /* MJPropertyKey.m in Sources */,
				71AAD0B31CABC2FB001EE225 /* MJExtensionConst.m in Sources */,
				71CCB12D1CB7823500D227D9 /* UIScrollView+MJRefresh.m in Sources */,
				71CCB1251CB7823500D227D9 /* MJRefreshBackNormalFooter.m in Sources */,
				7192CD1D1C5F99FE0051BD58 /* LocationViewController.m in Sources */,
				71CCB11D1CB7823500D227D9 /* MJRefreshBackFooter.m in Sources */,
				71AAD0B81CABC2FB001EE225 /* NSObject+MJClass.m in Sources */,
				71AAD0C61CABD11F001EE225 /* StationManagementViewController.m in Sources */,
				71D4FDF41CA11BDB00DDEAFB /* StationListViewCell.m in Sources */,
				71CCB1271CB7823500D227D9 /* MJRefreshGifHeader.m in Sources */,
				71A0EAFA1C5DADBD005C288B /* AppDelegate.mm in Sources */,
				71CCB1221CB7823500D227D9 /* MJRefreshAutoNormalFooter.m in Sources */,
				71CCB1241CB7823500D227D9 /* MJRefreshBackGifFooter.m in Sources */,
				7101D5D21CBE211000C2018D /* MBProgressHUD+Add.m in Sources */,
				71A0EAF71C5DADBC005C288B /* main.m in Sources */,
				71AAD0B51CABC2FB001EE225 /* MJProperty.m in Sources */,
				71AAD03C1CABB7EB001EE225 /* pinyin.c in Sources */,
				7104EF151C5E48D300C38CAA /* JSONKit.m in Sources */,
				71A0EB2F1C5DAFA0005C288B /* StationAddViewController.m in Sources */,
				71CCB1291CB7823500D227D9 /* MJRefreshStateHeader.m in Sources */,
				71AAD0BC1CABC2FB001EE225 /* NSString+MJExtension.m in Sources */,
				71CCB1311CB789E600D227D9 /* MJChiBaoZiHeader.m in Sources */,
				71CCB12B1CB7823500D227D9 /* MJRefreshConst.m in Sources */,
				71AAD0B41CABC2FB001EE225 /* MJFoundation.m in Sources */,
				71CCB1281CB7823500D227D9 /* MJRefreshNormalHeader.m in Sources */,
				71CCB11E1CB7823500D227D9 /* MJRefreshComponent.m in Sources */,
			);
			runOnlyForDeploymentPostprocessing = 0;
		};
		71A0EB071C5DADBD005C288B /* Sources */ = {
			isa = PBXSourcesBuildPhase;
			buildActionMask = 2147483647;
			files = (
				71A0EB101C5DADBD005C288B /* ZZCStationTests.m in Sources */,
			);
			runOnlyForDeploymentPostprocessing = 0;
		};
		71A0EB121C5DADBD005C288B /* Sources */ = {
			isa = PBXSourcesBuildPhase;
			buildActionMask = 2147483647;
			files = (
				71A0EB1B1C5DADBD005C288B /* ZZCStationUITests.m in Sources */,
			);
			runOnlyForDeploymentPostprocessing = 0;
		};
/* End PBXSourcesBuildPhase section */

/* Begin PBXTargetDependency section */
		71A0EB0D1C5DADBD005C288B /* PBXTargetDependency */ = {
			isa = PBXTargetDependency;
			target = 71A0EAF11C5DADBC005C288B /* ZZCStation */;
			targetProxy = 71A0EB0C1C5DADBD005C288B /* PBXContainerItemProxy */;
		};
		71A0EB181C5DADBD005C288B /* PBXTargetDependency */ = {
			isa = PBXTargetDependency;
			target = 71A0EAF11C5DADBC005C288B /* ZZCStation */;
			targetProxy = 71A0EB171C5DADBD005C288B /* PBXContainerItemProxy */;
		};
/* End PBXTargetDependency section */

/* Begin PBXVariantGroup section */
		71A0EAFE1C5DADBD005C288B /* Main.storyboard */ = {
			isa = PBXVariantGroup;
			children = (
				71A0EAFF1C5DADBD005C288B /* Base */,
			);
			name = Main.storyboard;
			sourceTree = "<group>";
		};
		71A0EB031C5DADBD005C288B /* LaunchScreen.storyboard */ = {
			isa = PBXVariantGroup;
			children = (
				71A0EB041C5DADBD005C288B /* Base */,
			);
			name = LaunchScreen.storyboard;
			sourceTree = "<group>";
		};
/* End PBXVariantGroup section */

/* Begin XCBuildConfiguration section */
		71A0EB1D1C5DADBD005C288B /* Debug */ = {
			isa = XCBuildConfiguration;
			buildSettings = {
				ALWAYS_SEARCH_USER_PATHS = NO;
				CLANG_CXX_LANGUAGE_STANDARD = "gnu++0x";
				CLANG_CXX_LIBRARY = "libc++";
				CLANG_ENABLE_MODULES = YES;
				CLANG_ENABLE_OBJC_ARC = YES;
				CLANG_WARN_BOOL_CONVERSION = YES;
				CLANG_WARN_CONSTANT_CONVERSION = YES;
				CLANG_WARN_DIRECT_OBJC_ISA_USAGE = YES_ERROR;
				CLANG_WARN_EMPTY_BODY = YES;
				CLANG_WARN_ENUM_CONVERSION = YES;
				CLANG_WARN_INT_CONVERSION = YES;
				CLANG_WARN_OBJC_ROOT_CLASS = YES_ERROR;
				CLANG_WARN_UNREACHABLE_CODE = YES;
				CLANG_WARN__DUPLICATE_METHOD_MATCH = YES;
				CODE_SIGN_IDENTITY = "iPhone Developer: 7585269@qq.com (AKU7Y7L8M8)";
				"CODE_SIGN_IDENTITY[sdk=iphoneos*]" = "iPhone Developer: 7585269@qq.com (AKU7Y7L8M8)";
				COPY_PHASE_STRIP = NO;
				DEBUG_INFORMATION_FORMAT = dwarf;
				ENABLE_BITCODE = NO;
				ENABLE_STRICT_OBJC_MSGSEND = YES;
				ENABLE_TESTABILITY = YES;
				GCC_C_LANGUAGE_STANDARD = gnu99;
				GCC_DYNAMIC_NO_PIC = NO;
				GCC_NO_COMMON_BLOCKS = YES;
				GCC_OPTIMIZATION_LEVEL = 0;
				GCC_PREPROCESSOR_DEFINITIONS = (
					"DEBUG=1",
					"$(inherited)",
				);
				GCC_WARN_64_TO_32_BIT_CONVERSION = YES;
				GCC_WARN_ABOUT_RETURN_TYPE = YES_ERROR;
				GCC_WARN_UNDECLARED_SELECTOR = YES;
				GCC_WARN_UNINITIALIZED_AUTOS = YES_AGGRESSIVE;
				GCC_WARN_UNUSED_FUNCTION = YES;
				GCC_WARN_UNUSED_VARIABLE = YES;
				IPHONEOS_DEPLOYMENT_TARGET = 7.0;
				MTL_ENABLE_DEBUG_INFO = YES;
				ONLY_ACTIVE_ARCH = YES;

				SDKROOT = iphoneos;
			};
			name = Debug;
		};
		71A0EB1E1C5DADBD005C288B /* Release */ = {
			isa = XCBuildConfiguration;
			buildSettings = {
				ALWAYS_SEARCH_USER_PATHS = NO;
				CLANG_CXX_LANGUAGE_STANDARD = "gnu++0x";
				CLANG_CXX_LIBRARY = "libc++";
				CLANG_ENABLE_MODULES = YES;
				CLANG_ENABLE_OBJC_ARC = YES;
				CLANG_WARN_BOOL_CONVERSION = YES;
				CLANG_WARN_CONSTANT_CONVERSION = YES;
				CLANG_WARN_DIRECT_OBJC_ISA_USAGE = YES_ERROR;
				CLANG_WARN_EMPTY_BODY = YES;
				CLANG_WARN_ENUM_CONVERSION = YES;
				CLANG_WARN_INT_CONVERSION = YES;
				CLANG_WARN_OBJC_ROOT_CLASS = YES_ERROR;
				CLANG_WARN_UNREACHABLE_CODE = YES;
				CLANG_WARN__DUPLICATE_METHOD_MATCH = YES;
				CODE_SIGN_IDENTITY = "iPhone Developer: 7585269@qq.com (AKU7Y7L8M8)";
				"CODE_SIGN_IDENTITY[sdk=iphoneos*]" = "iPhone Developer: 7585269@qq.com (AKU7Y7L8M8)";
				COPY_PHASE_STRIP = NO;
				DEBUG_INFORMATION_FORMAT = "dwarf-with-dsym";
				ENABLE_BITCODE = NO;
				ENABLE_NS_ASSERTIONS = NO;
				ENABLE_STRICT_OBJC_MSGSEND = YES;
				GCC_C_LANGUAGE_STANDARD = gnu99;
				GCC_NO_COMMON_BLOCKS = YES;
				GCC_WARN_64_TO_32_BIT_CONVERSION = YES;
				GCC_WARN_ABOUT_RETURN_TYPE = YES_ERROR;
				GCC_WARN_UNDECLARED_SELECTOR = YES;
				GCC_WARN_UNINITIALIZED_AUTOS = YES_AGGRESSIVE;
				GCC_WARN_UNUSED_FUNCTION = YES;
				GCC_WARN_UNUSED_VARIABLE = YES;
				IPHONEOS_DEPLOYMENT_TARGET = 7.0;
				MTL_ENABLE_DEBUG_INFO = NO;

				SDKROOT = iphoneos;
				VALIDATE_PRODUCT = YES;
			};
			name = Release;
		};
		71A0EB201C5DADBD005C288B /* Debug */ = {
			isa = XCBuildConfiguration;
			buildSettings = {
				ASSETCATALOG_COMPILER_APPICON_NAME = AppIcon;
				CODE_SIGN_IDENTITY = "iPhone Developer: 7585269@qq.com (AKU7Y7L8M8)";
				"CODE_SIGN_IDENTITY[sdk=iphoneos*]" = "iPhone Developer: 7585269@qq.com (AKU7Y7L8M8)";
				ENABLE_BITCODE = NO;
				FRAMEWORK_SEARCH_PATHS = (
					"$(inherited)",
					"$(PROJECT_DIR)/ZZCStation/Libs",
					"$(PROJECT_DIR)",
				);
				INFOPLIST_FILE = ZZCStation/Info.plist;
				LD_RUNPATH_SEARCH_PATHS = "$(inherited) @executable_path/Frameworks";
				OTHER_LDFLAGS = (
					"-ObjC",
					"-lz",
					"-licucore",
					"-lc++",
					"-lsqlite3",
				);
				PRODUCT_BUNDLE_IDENTIFIER = com.ray.ZZCStationMG;
				PRODUCT_NAME = "$(TARGET_NAME)";

			};
			name = Debug;
		};
		71A0EB211C5DADBD005C288B /* Release */ = {
			isa = XCBuildConfiguration;
			buildSettings = {
				ASSETCATALOG_COMPILER_APPICON_NAME = AppIcon;
				CODE_SIGN_IDENTITY = "iPhone Developer: 7585269@qq.com (AKU7Y7L8M8)";
				"CODE_SIGN_IDENTITY[sdk=iphoneos*]" = "iPhone Developer: 7585269@qq.com (AKU7Y7L8M8)";
				ENABLE_BITCODE = NO;
				FRAMEWORK_SEARCH_PATHS = (
					"$(inherited)",
					"$(PROJECT_DIR)/ZZCStation/Libs",
					"$(PROJECT_DIR)",
				);
				INFOPLIST_FILE = ZZCStation/Info.plist;
				LD_RUNPATH_SEARCH_PATHS = "$(inherited) @executable_path/Frameworks";
				OTHER_LDFLAGS = (
					"-ObjC",
					"-lz",
					"-licucore",
					"-lc++",
					"-lsqlite3",
				);
				PRODUCT_BUNDLE_IDENTIFIER = com.ray.ZZCStationMG;
				PRODUCT_NAME = "$(TARGET_NAME)";

			};
			name = Release;
		};
		71A0EB231C5DADBD005C288B /* Debug */ = {
			isa = XCBuildConfiguration;
			buildSettings = {
				BUNDLE_LOADER = "$(TEST_HOST)";
				INFOPLIST_FILE = ZZCStationTests/Info.plist;
				LD_RUNPATH_SEARCH_PATHS = "$(inherited) @executable_path/Frameworks @loader_path/Frameworks";
				PRODUCT_BUNDLE_IDENTIFIER = com.ray.ZZCStationTests;
				PRODUCT_NAME = "$(TARGET_NAME)";
				TEST_HOST = "$(BUILT_PRODUCTS_DIR)/ZZCStation.app/ZZCStation";
			};
			name = Debug;
		};
		71A0EB241C5DADBD005C288B /* Release */ = {
			isa = XCBuildConfiguration;
			buildSettings = {
				BUNDLE_LOADER = "$(TEST_HOST)";
				INFOPLIST_FILE = ZZCStationTests/Info.plist;
				LD_RUNPATH_SEARCH_PATHS = "$(inherited) @executable_path/Frameworks @loader_path/Frameworks";
				PRODUCT_BUNDLE_IDENTIFIER = com.ray.ZZCStationTests;
				PRODUCT_NAME = "$(TARGET_NAME)";
				TEST_HOST = "$(BUILT_PRODUCTS_DIR)/ZZCStation.app/ZZCStation";
			};
			name = Release;
		};
		71A0EB261C5DADBD005C288B /* Debug */ = {
			isa = XCBuildConfiguration;
			buildSettings = {
				INFOPLIST_FILE = ZZCStationUITests/Info.plist;
				LD_RUNPATH_SEARCH_PATHS = "$(inherited) @executable_path/Frameworks @loader_path/Frameworks";
				PRODUCT_BUNDLE_IDENTIFIER = com.ray.ZZCStationUITests;
				PRODUCT_NAME = "$(TARGET_NAME)";
				TEST_TARGET_NAME = ZZCStation;
				USES_XCTRUNNER = YES;
			};
			name = Debug;
		};
		71A0EB271C5DADBD005C288B /* Release */ = {
			isa = XCBuildConfiguration;
			buildSettings = {
				INFOPLIST_FILE = ZZCStationUITests/Info.plist;
				LD_RUNPATH_SEARCH_PATHS = "$(inherited) @executable_path/Frameworks @loader_path/Frameworks";
				PRODUCT_BUNDLE_IDENTIFIER = com.ray.ZZCStationUITests;
				PRODUCT_NAME = "$(TARGET_NAME)";
				TEST_TARGET_NAME = ZZCStation;
				USES_XCTRUNNER = YES;
			};
			name = Release;
		};
/* End XCBuildConfiguration section */

/* Begin XCConfigurationList section */
		71A0EAED1C5DADBC005C288B /* Build configuration list for PBXProject "ZZCStation" */ = {
			isa = XCConfigurationList;
			buildConfigurations = (
				71A0EB1D1C5DADBD005C288B /* Debug */,
				71A0EB1E1C5DADBD005C288B /* Release */,
			);
			defaultConfigurationIsVisible = 0;
			defaultConfigurationName = Release;
		};
		71A0EB1F1C5DADBD005C288B /* Build configuration list for PBXNativeTarget "ZZCStation" */ = {
			isa = XCConfigurationList;
			buildConfigurations = (
				71A0EB201C5DADBD005C288B /* Debug */,
				71A0EB211C5DADBD005C288B /* Release */,
			);
			defaultConfigurationIsVisible = 0;
			defaultConfigurationName = Release;
		};
		71A0EB221C5DADBD005C288B /* Build configuration list for PBXNativeTarget "ZZCStationTests" */ = {
			isa = XCConfigurationList;
			buildConfigurations = (
				71A0EB231C5DADBD005C288B /* Debug */,
				71A0EB241C5DADBD005C288B /* Release */,
			);
			defaultConfigurationIsVisible = 0;
			defaultConfigurationName = Release;
		};
		71A0EB251C5DADBD005C288B /* Build configuration list for PBXNativeTarget "ZZCStationUITests" */ = {
			isa = XCConfigurationList;
			buildConfigurations = (
				71A0EB261C5DADBD005C288B /* Debug */,
				71A0EB271C5DADBD005C288B /* Release */,
			);
			defaultConfigurationIsVisible = 0;
			defaultConfigurationName = Release;
		};
/* End XCConfigurationList section */
	};
	rootObject = 71A0EAEA1C5DADBC005C288B /* Project object */;
}
